
Microsoft Visual Studio Solution File, Format Version 11.00
# Visual Studio 2010
Project("{FAE04EC0-301F-11D3-BF4B-00C04F79EFBC}") = "UI Alpha", "Assembly-CSharp.csproj", "{0D60BEA3-0113-D188-0222-FC18C7AF825E}"
EndProject
Global
	GlobalSection(SolutionConfigurationPlatforms) = preSolution
		Debug|Any CPU = Debug|Any CPU
		Release|Any CPU = Release|Any CPU
	EndGlobalSection
	GlobalSection(ProjectConfigurationPlatforms) = postSolution
		{0D60BEA3-0113-D188-0222-FC18C7AF825E}.Debug|Any CPU.ActiveCfg = Debug|Any CPU
		{0D60BEA3-0113-D188-0222-FC18C7AF825E}.Debug|Any CPU.Build.0 = Debug|Any CPU
		{0D60BEA3-0113-D188-0222-FC18C7AF825E}.Release|Any CPU.ActiveCfg = Release|Any CPU
		{0D60BEA3-0113-D188-0222-FC18C7AF825E}.Release|Any CPU.Build.0 = Release|Any CPU
	EndGlobalSection
	GlobalSection(SolutionProperties) = preSolution
		HideSolutionNode = FALSE
	EndGlobalSection
	GlobalSection(MonoDevelopProperties) = preSolution
		StartupItem = Assembly-CSharp.csproj
	EndGlobalSection
EndGlobal
